
Microsoft Visual Studio Solution File, Format Version 12.00
# Visual Studio Version 17
VisualStudioVersion = 17.5.002.0
MinimumVisualStudioVersion = 10.0.40219.1
Project("{9A19103F-16F7-4668-BE54-9A1E7A4F7556}") = "WebApplication1", "WebApplication1.csproj", "{1286F8D9-F842-4344-9B82-8D0AD3002FBC}"
EndProject
Global
	GlobalSection(SolutionConfigurationPlatforms) = preSolution
		Debug|Any CPU = Debug|Any CPU
		Release|Any CPU = Release|Any CPU
	EndGlobalSection
	GlobalSection(ProjectConfigurationPlatforms) = postSolution
		{1286F8D9-F842-4344-9B82-8D0AD3002FBC}.Debug|Any CPU.ActiveCfg = Debug|Any CPU
		{1286F8D9-F842-4344-9B82-8D0AD3002FBC}.Debug|Any CPU.Build.0 = Debug|Any CPU
		{1286F8D9-F842-4344-9B82-8D0AD3002FBC}.Release|Any CPU.ActiveCfg = Release|Any CPU
		{1286F8D9-F842-4344-9B82-8D0AD3002FBC}.Release|Any CPU.Build.0 = Release|Any CPU
	EndGlobalSection
	GlobalSection(SolutionProperties) = preSolution
		HideSolutionNode = FALSE
	EndGlobalSection
	GlobalSection(ExtensibilityGlobals) = postSolution
		SolutionGuid = {05FE57CA-BD99-4764-A397-0CC880577FA7}
	EndGlobalSection
EndGlobal
